
Microsoft Visual Studio Solution File, Format Version 12.00
# Visual Studio Version 17
VisualStudioVersion = 17.7.34024.191
MinimumVisualStudioVersion = 10.0.40219.1
Project("{FAE04EC0-301F-11D3-BF4B-00C04F79EFBC}") = "Encap-service-control", "Encap-service-control\Encap-service-control.csproj", "{BB163B9A-9DD7-4B2A-94E7-28E7F236AFE1}"
EndProject
Global
	GlobalSection(SolutionConfigurationPlatforms) = preSolution
		Debug|Any CPU = Debug|Any CPU
		Release|Any CPU = Release|Any CPU
	EndGlobalSection
	GlobalSection(ProjectConfigurationPlatforms) = postSolution
		{BB163B9A-9DD7-4B2A-94E7-28E7F236AFE1}.Debug|Any CPU.ActiveCfg = Debug|Any CPU
		{BB163B9A-9DD7-4B2A-94E7-28E7F236AFE1}.Debug|Any CPU.Build.0 = Debug|Any CPU
		{BB163B9A-9DD7-4B2A-94E7-28E7F236AFE1}.Release|Any CPU.ActiveCfg = Release|Any CPU
		{BB163B9A-9DD7-4B2A-94E7-28E7F236AFE1}.Release|Any CPU.Build.0 = Release|Any CPU
	EndGlobalSection
	GlobalSection(SolutionProperties) = preSolution
		HideSolutionNode = FALSE
	EndGlobalSection
	GlobalSection(ExtensibilityGlobals) = postSolution
		SolutionGuid = {579DA8BE-55D2-4FA4-AF86-238EA64C2FB5}
	EndGlobalSection
EndGlobal
